{
  "name": "crowdstrike-demo",
  "version": "1.0.0",
  "lockfileVersion": 1,
  "requires": true,
  "dependencies": {
    "faker": {
      "version": "4.1.0",
      "resolved": "https://registry.npmjs.org/faker/-/faker-4.1.0.tgz",
      "integrity": "sha1-HkW7vsxndLPBlfrSg1EJxtdIzD8="
    },
    "kafkajs": {
      "version": "1.8.0",
      "resolved": "https://registry.npmjs.org/kafkajs/-/kafkajs-1.8.0.tgz",
      "integrity": "sha512-awNE7O4Vvb6etYL+8WOaDv9xScW+LXF2OZpbXnHvBz+nUpEyuA13KhCxrzRybc0xthnbh9hpk+txcclMaFMofQ==",
      "requires": {
        "long": "^4.0.0"
      }
    },
    "long": {
      "version": "4.0.0",
      "resolved": "https://registry.npmjs.org/long/-/long-4.0.0.tgz",
      "integrity": "sha512-XsP+KhQif4bjX1kbuSiySJFNAehNxgLb6hPRGJ9QsUr8ajHkuXGdrHmFUTUUXhDwVX2R5bY4JNZEwbUiMhV+MA=="
    }
  }
}
